
Microsoft Visual Studio Solution File, Format Version 12.00
# Visual Studio 15
Project("{FAE04EC0-301F-11D3-BF4B-00C04F79EFBC}") = "Assembly-CSharp", "Assembly-CSharp.csproj", "{BDCEA9B4-70BF-95A1-3B33-0841F10262EA}"
EndProject
Project("{FAE04EC0-301F-11D3-BF4B-00C04F79EFBC}") = "Assembly-CSharp-firstpass", "Assembly-CSharp-firstpass.csproj", "{BC562957-15BF-8482-5BFC-CFA232658F95}"
EndProject
Project("{FAE04EC0-301F-11D3-BF4B-00C04F79EFBC}") = "Assembly-CSharp-Editor", "Assembly-CSharp-Editor.csproj", "{5A8A261E-2A55-B222-6CEC-AA94506DADE4}"
EndProject
Project("{FAE04EC0-301F-11D3-BF4B-00C04F79EFBC}") = "Assembly-CSharp-Editor-firstpass", "Assembly-CSharp-Editor-firstpass.csproj", "{397FF0F4-3D9D-89D9-2EDF-D9D7DF2157DC}"
EndProject
Global
	GlobalSection(SolutionConfigurationPlatforms) = preSolution
		Debug|Any CPU = Debug|Any CPU
		Release|Any CPU = Release|Any CPU
	EndGlobalSection
	GlobalSection(ProjectConfigurationPlatforms) = postSolution
		{BDCEA9B4-70BF-95A1-3B33-0841F10262EA}.Debug|Any CPU.ActiveCfg = Debug|Any CPU
		{BDCEA9B4-70BF-95A1-3B33-0841F10262EA}.Debug|Any CPU.Build.0 = Debug|Any CPU
		{BDCEA9B4-70BF-95A1-3B33-0841F10262EA}.Release|Any CPU.ActiveCfg = Release|Any CPU
		{BDCEA9B4-70BF-95A1-3B33-0841F10262EA}.Release|Any CPU.Build.0 = Release|Any CPU
		{BC562957-15BF-8482-5BFC-CFA232658F95}.Debug|Any CPU.ActiveCfg = Debug|Any CPU
		{BC562957-15BF-8482-5BFC-CFA232658F95}.Debug|Any CPU.Build.0 = Debug|Any CPU
		{BC562957-15BF-8482-5BFC-CFA232658F95}.Release|Any CPU.ActiveCfg = Release|Any CPU
		{BC562957-15BF-8482-5BFC-CFA232658F95}.Release|Any CPU.Build.0 = Release|Any CPU
		{5A8A261E-2A55-B222-6CEC-AA94506DADE4}.Debug|Any CPU.ActiveCfg = Debug|Any CPU
		{5A8A261E-2A55-B222-6CEC-AA94506DADE4}.Debug|Any CPU.Build.0 = Debug|Any CPU
		{5A8A261E-2A55-B222-6CEC-AA94506DADE4}.Release|Any CPU.ActiveCfg = Release|Any CPU
		{5A8A261E-2A55-B222-6CEC-AA94506DADE4}.Release|Any CPU.Build.0 = Release|Any CPU
		{397FF0F4-3D9D-89D9-2EDF-D9D7DF2157DC}.Debug|Any CPU.ActiveCfg = Debug|Any CPU
		{397FF0F4-3D9D-89D9-2EDF-D9D7DF2157DC}.Debug|Any CPU.Build.0 = Debug|Any CPU
		{397FF0F4-3D9D-89D9-2EDF-D9D7DF2157DC}.Release|Any CPU.ActiveCfg = Release|Any CPU
		{397FF0F4-3D9D-89D9-2EDF-D9D7DF2157DC}.Release|Any CPU.Build.0 = Release|Any CPU
	EndGlobalSection
	GlobalSection(SolutionProperties) = preSolution
		HideSolutionNode = FALSE
	EndGlobalSection
EndGlobal
